
Microsoft Visual Studio Solution File, Format Version 12.00
# Visual Studio 2013
VisualStudioVersion = 12.0.21005.1
MinimumVisualStudioVersion = 10.0.40219.1
Project("{F184B08F-C81C-45F6-A57F-5ABD9991F28F}") = "IceCreamParlor", "IceCreamParlor\IceCreamParlor.vbproj", "{EDFA45C3-23A8-4F17-9230-9D544D4B001A}"
EndProject
Project("{54435603-DBB4-11D2-8724-00A0C9A8B90C}") = "Ice_Cream_Parlor", "Ice_Cream_Parlor\Ice_Cream_Parlor.vdproj", "{2B91D84A-9F89-4FEF-934A-B33129CBDE45}"
EndProject
Global
	GlobalSection(SolutionConfigurationPlatforms) = preSolution
		Debug|Any CPU = Debug|Any CPU
		Release|Any CPU = Release|Any CPU
	EndGlobalSection
	GlobalSection(ProjectConfigurationPlatforms) = postSolution
		{EDFA45C3-23A8-4F17-9230-9D544D4B001A}.Debug|Any CPU.ActiveCfg = Debug|Any CPU
		{EDFA45C3-23A8-4F17-9230-9D544D4B001A}.Debug|Any CPU.Build.0 = Debug|Any CPU
		{EDFA45C3-23A8-4F17-9230-9D544D4B001A}.Release|Any CPU.ActiveCfg = Release|Any CPU
		{EDFA45C3-23A8-4F17-9230-9D544D4B001A}.Release|Any CPU.Build.0 = Release|Any CPU
		{2B91D84A-9F89-4FEF-934A-B33129CBDE45}.Debug|Any CPU.ActiveCfg = Debug
		{2B91D84A-9F89-4FEF-934A-B33129CBDE45}.Release|Any CPU.ActiveCfg = Release
	EndGlobalSection
	GlobalSection(SolutionProperties) = preSolution
		HideSolutionNode = FALSE
	EndGlobalSection
EndGlobal
